<?xml version="1.0" encoding="utf-8"?>
<Project ToolsVersion="4.0" xmlns="http://schemas.microsoft.com/developer/msbuild/2003">
  <ItemGroup>
    <ClCompile Include="src\ofApp.cpp">
      <Filter>src</Filter>
    </ClCompile>
    <ClCompile Include="src\main.cpp">
      <Filter>src</Filter>
    </ClCompile>
    <ClCompile Include="..\..\..\addons\ofxGui\src\ofxBaseGui.cpp">
      <Filter>inc\ofxGui\src</Filter>
    </ClCompile>
    <ClCompile Include="..\..\..\addons\ofxGui\src\ofxButton.cpp">
      <Filter>inc\ofxGui\src</Filter>
    </ClCompile>
    <ClCompile Include="..\..\..\addons\ofxGui\src\ofxColorPicker.cpp">
      <Filter>inc\ofxGui\src</Filter>
    </ClCompile>
    <ClCompile Include="..\..\..\addons\ofxGui\src\ofxGuiGroup.cpp">
      <Filter>inc\ofxGui\src</Filter>
    </ClCompile>
    <ClCompile Include="..\..\..\addons\ofxGui\src\ofxInputField.cpp">
      <Filter>inc\ofxGui\src</Filter>
    </ClCompile>
    <ClCompile Include="..\..\..\addons\ofxGui\src\ofxLabel.cpp">
      <Filter>inc\ofxGui\src</Filter>
    </ClCompile>
    <ClCompile Include="..\..\..\addons\ofxGui\src\ofxPanel.cpp">
      <Filter>inc\ofxGui\src</Filter>
    </ClCompile>
    <ClCompile Include="..\..\..\addons\ofxGui\src\ofxSlider.cpp">
      <Filter>inc\ofxGui\src</Filter>
    </ClCompile>
    <ClCompile Include="..\..\..\addons\ofxGui\src\ofxSliderGroup.cpp">
      <Filter>inc\ofxGui\src</Filter>
    </ClCompile>
    <ClCompile Include="..\..\..\addons\ofxGui\src\ofxToggle.cpp">
      <Filter>inc\ofxGui\src</Filter>
    </ClCompile>
    <ClCompile Include="src\ray.cpp">
      <Filter>src</Filter>
    </ClCompile>
    <ClCompile Include="src\vector.cpp">
      <Filter>src</Filter>
    </ClCompile>
    <ClCompile Include="src\mat.cpp">
      <Filter>src</Filter>
    </ClCompile>
    <ClCompile Include="src\mThreads.cpp">
      <Filter>src</Filter>
    </ClCompile>
    <ClCompile Include="src\utils.cpp">
      <Filter>src</Filter>
    </ClCompile>
  </ItemGroup>
  <ItemGroup>
    <Filter Include="src">
      <UniqueIdentifier>{d8376475-7454-4a24-b08a-aac121d3ad6f}</UniqueIdentifier>
    </Filter>
    <Filter Include="inc">
      <UniqueIdentifier>{A737453D--EE2-D-4F-A8-B-720-3ABB632A35F5}</UniqueIdentifier>
    </Filter>
    <Filter Include="inc\ofxGui">
      <UniqueIdentifier>{4CCB3713--D55-1-4C-15-8-0D2-E68C2C17A298}</UniqueIdentifier>
    </Filter>
    <Filter Include="inc\ofxGui\src">
      <UniqueIdentifier>{A28A12DD--515-6-43-75-8-483-D767E791B7E6}</UniqueIdentifier>
    </Filter>
    <Filter Include="inc\raytracing">
      <UniqueIdentifier>{7e19700f-d197-4bfa-ac26-b3b00df253aa}</UniqueIdentifier>
    </Filter>
  </ItemGroup>
  <ItemGroup>
    <ClInclude Include="src\ofApp.h">
      <Filter>src</Filter>
    </ClInclude>
    <ClInclude Include="..\..\..\addons\ofxGui\src\ofxBaseGui.h">
      <Filter>inc\ofxGui\src</Filter>
    </ClInclude>
    <ClInclude Include="..\..\..\addons\ofxGui\src\ofxButton.h">
      <Filter>inc\ofxGui\src</Filter>
    </ClInclude>
    <ClInclude Include="..\..\..\addons\ofxGui\src\ofxColorPicker.h">
      <Filter>inc\ofxGui\src</Filter>
    </ClInclude>
    <ClInclude Include="..\..\..\addons\ofxGui\src\ofxGui.h">
      <Filter>inc\ofxGui\src</Filter>
    </ClInclude>
    <ClInclude Include="..\..\..\addons\ofxGui\src\ofxGuiGroup.h">
      <Filter>inc\ofxGui\src</Filter>
    </ClInclude>
    <ClInclude Include="..\..\..\addons\ofxGui\src\ofxGuiUtils.h">
      <Filter>inc\ofxGui\src</Filter>
    </ClInclude>
    <ClInclude Include="..\..\..\addons\ofxGui\src\ofxInputField.h">
      <Filter>inc\ofxGui\src</Filter>
    </ClInclude>
    <ClInclude Include="..\..\..\addons\ofxGui\src\ofxLabel.h">
      <Filter>inc\ofxGui\src</Filter>
    </ClInclude>
    <ClInclude Include="..\..\..\addons\ofxGui\src\ofxPanel.h">
      <Filter>inc\ofxGui\src</Filter>
    </ClInclude>
    <ClInclude Include="..\..\..\addons\ofxGui\src\ofxSlider.h">
      <Filter>inc\ofxGui\src</Filter>
    </ClInclude>
    <ClInclude Include="..\..\..\addons\ofxGui\src\ofxSliderGroup.h">
      <Filter>inc\ofxGui\src</Filter>
    </ClInclude>
    <ClInclude Include="..\..\..\addons\ofxGui\src\ofxToggle.h">
      <Filter>inc\ofxGui\src</Filter>
    </ClInclude>
    <ClInclude Include="inc\globalSetting.h">
      <Filter>inc</Filter>
    </ClInclude>
    <ClInclude Include="inc\raytracing\cone.h">
      <Filter>inc\raytracing</Filter>
    </ClInclude>
    <ClInclude Include="inc\raytracing\ellipsoid.h">
      <Filter>inc\raytracing</Filter>
    </ClInclude>
    <ClInclude Include="inc\raytracing\plane.h">
      <Filter>inc\raytracing</Filter>
    </ClInclude>
    <ClInclude Include="inc\raytracing\ray.h">
      <Filter>inc\raytracing</Filter>
    </ClInclude>
    <ClInclude Include="inc\raytracing\sphere.h">
      <Filter>inc\raytracing</Filter>
    </ClInclude>
    <ClInclude Include="inc\raytracing\TBASE.h">
      <Filter>inc\raytracing</Filter>
    </ClInclude>
    <ClInclude Include="inc\vector.h">
      <Filter>inc</Filter>
    </ClInclude>
    <ClInclude Include="inc\mat.h">
      <Filter>inc</Filter>
    </ClInclude>
    <ClInclude Include="inc\mThreads.h">
      <Filter>inc</Filter>
    </ClInclude>
    <ClInclude Include="inc\utils.h">
      <Filter>inc</Filter>
    </ClInclude>
    <ClInclude Include="inc\raytracing\Shading.h">
      <Filter>inc\raytracing</Filter>
    </ClInclude>
  </ItemGroup>
  <ItemGroup>
    <ResourceCompile Include="icon.rc" />
  </ItemGroup>
</Project>